// !$*UTF8*$!
{
	archiveVersion = 1;
	classes = {
	};
	objectVersion = 55;
	objects = {

/* Begin PBXBuildFile section */
		1A2DEBA0271D412D002151A5 /* infinitexApp.swift in Sources */ = {isa = PBXBuildFile; fileRef = 1A2DEB9F271D412D002151A5 /* infinitexApp.swift */; };
		1A2DEBA2271D412D002151A5 /* ContentView.swift in Sources */ = {isa = PBXBuildFile; fileRef = 1A2DEBA1271D412D002151A5 /* ContentView.swift */; };
		1A2DEBA4271D412E002151A5 /* Assets.xcassets in Resources */ = {isa = PBXBuildFile; fileRef = 1A2DEBA3271D412E002151A5 /* Assets.xcassets */; };
		1A2DEBA7271D412E002151A5 /* Preview Assets.xcassets in Resources */ = {isa = PBXBuildFile; fileRef = 1A2DEBA6271D412E002151A5 /* Preview Assets.xcassets */; };
		1A2DEBAF271D42A4002151A5 /* WebRenderView.swift in Sources */ = {isa = PBXBuildFile; fileRef = 1A2DEBAE271D42A4002151A5 /* WebRenderView.swift */; };
		1A2DEBB1271D4702002151A5 /* RenderObject.swift in Sources */ = {isa = PBXBuildFile; fileRef = 1A2DEBB0271D4702002151A5 /* RenderObject.swift */; };
		1AC4AFF32721D44D00A4B29D /* SettingsView.swift in Sources */ = {isa = PBXBuildFile; fileRef = 1AC4AFF22721D44D00A4B29D /* SettingsView.swift */; };
/* End PBXBuildFile section */

/* Begin PBXFileReference section */
		1A2DEB9C271D412D002151A5 /* infinitex.app */ = {isa = PBXFileReference; explicitFileType = wrapper.application; includeInIndex = 0; path = infinitex.app; sourceTree = BUILT_PRODUCTS_DIR; };
		1A2DEB9F271D412D002151A5 /* infinitexApp.swift */ = {isa = PBXFileReference; lastKnownFileType = sourcecode.swift; path = infinitexApp.swift; sourceTree = "<group>"; };
		1A2DEBA1271D412D002151A5 /* ContentView.swift */ = {isa = PBXFileReference; lastKnownFileType = sourcecode.swift; path = ContentView.swift; sourceTree = "<group>"; };
		1A2DEBA3271D412E002151A5 /* Assets.xcassets */ = {isa = PBXFileReference; lastKnownFileType = folder.assetcatalog; path = Assets.xcassets; sourceTree = "<group>"; };
		1A2DEBA6271D412E002151A5 /* Preview Assets.xcassets */ = {isa = PBXFileReference; lastKnownFileType = folder.assetcatalog; path = "Preview Assets.xcassets"; sourceTree = "<group>"; };
		1A2DEBA8271D412E002151A5 /* infinitex.entitlements */ = {isa = PBXFileReference; lastKnownFileType = text.plist.entitlements; path = infinitex.entitlements; sourceTree = "<group>"; };
		1A2DEBAE271D42A4002151A5 /* WebRenderView.swift */ = {isa = PBXFileReference; lastKnownFileType = sourcecode.swift; path = WebRenderView.swift; sourceTree = "<group>"; };
		1A2DEBB0271D4702002151A5 /* RenderObject.swift */ = {isa = PBXFileReference; lastKnownFileType = sourcecode.swift; path = RenderObject.swift; sourceTree = "<group>"; };
		1AC4AFF22721D44D00A4B29D /* SettingsView.swift */ = {isa = PBXFileReference; lastKnownFileType = sourcecode.swift; path = SettingsView.swift; sourceTree = "<group>"; };
/* End PBXFileReference section */

/* Begin PBXFrameworksBuildPhase section */
		1A2DEB99271D412D002151A5 /* Frameworks */ = {
			isa = PBXFrameworksBuildPhase;
			buildActionMask = 2147483647;
			files = (
			);
			runOnlyForDeploymentPostprocessing = 0;
		};
/* End PBXFrameworksBuildPhase section */

/* Begin PBXGroup section */
		1A2DEB93271D412D002151A5 = {
			isa = PBXGroup;
			children = (
				1A2DEB9E271D412D002151A5 /* infinitex */,
				1A2DEB9D271D412D002151A5 /* Products */,
			);
			sourceTree = "<group>";
		};
		1A2DEB9D271D412D002151A5 /* Products */ = {
			isa = PBXGroup;
			children = (
				1A2DEB9C271D412D002151A5 /* infinitex.app */,
			);
			name = Products;
			sourceTree = "<group>";
		};
		1A2DEB9E271D412D002151A5 /* infinitex */ = {
			isa = PBXGroup;
			children = (
				1A2DEB9F271D412D002151A5 /* infinitexApp.swift */,
				1A2DEBA1271D412D002151A5 /* ContentView.swift */,
				1A2DEBAE271D42A4002151A5 /* WebRenderView.swift */,
				1A2DEBB0271D4702002151A5 /* RenderObject.swift */,
				1AC4AFF22721D44D00A4B29D /* SettingsView.swift */,
				1A2DEBA3271D412E002151A5 /* Assets.xcassets */,
				1A2DEBA8271D412E002151A5 /* infinitex.entitlements */,
				1A2DEBA5271D412E002151A5 /* Preview Content */,
			);
			path = infinitex;
			sourceTree = "<group>";
		};
		1A2DEBA5271D412E002151A5 /* Preview Content */ = {
			isa = PBXGroup;
			children = (
				1A2DEBA6271D412E002151A5 /* Preview Assets.xcassets */,
			);
			path = "Preview Content";
			sourceTree = "<group>";
		};
/* End PBXGroup section */

/* Begin PBXNativeTarget section */
		1A2DEB9B271D412D002151A5 /* infinitex */ = {
			isa = PBXNativeTarget;
			buildConfigurationList = 1A2DEBAB271D412E002151A5 /* Build configuration list for PBXNativeTarget "infinitex" */;
			buildPhases = (
				1A2DEB98271D412D002151A5 /* Sources */,
				1A2DEB99271D412D002151A5 /* Frameworks */,
				1A2DEB9A271D412D002151A5 /* Resources */,
			);
			buildRules = (
			);
			dependencies = (
			);
			name = infinitex;
			productName = infinitex;
			productReference = 1A2DEB9C271D412D002151A5 /* infinitex.app */;
			productType = "com.apple.product-type.application";
		};
/* End PBXNativeTarget section */

/* Begin PBXProject section */
		1A2DEB94271D412D002151A5 /* Project object */ = {
			isa = PBXProject;
			attributes = {
				BuildIndependentTargetsInParallel = 1;
				LastSwiftUpdateCheck = 1300;
				LastUpgradeCheck = 1300;
				TargetAttributes = {
					1A2DEB9B271D412D002151A5 = {
						CreatedOnToolsVersion = 13.0;
					};
				};
			};
			buildConfigurationList = 1A2DEB97271D412D002151A5 /* Build configuration list for PBXProject "infinitex" */;
			compatibilityVersion = "Xcode 13.0";
			developmentRegion = en;
			hasScannedForEncodings = 0;
			knownRegions = (
				en,
				Base,
			);
			mainGroup = 1A2DEB93271D412D002151A5;
			productRefGroup = 1A2DEB9D271D412D002151A5 /* Products */;
			projectDirPath = "";
			projectRoot = "";
			targets = (
				1A2DEB9B271D412D002151A5 /* infinitex */,
			);
		};
/* End PBXProject section */

/* Begin PBXResourcesBuildPhase section */
		1A2DEB9A271D412D002151A5 /* Resources */ = {
			isa = PBXResourcesBuildPhase;
			buildActionMask = 2147483647;
			files = (
				1A2DEBA7271D412E002151A5 /* Preview Assets.xcassets in Resources */,
				1A2DEBA4271D412E002151A5 /* Assets.xcassets in Resources */,
			);
			runOnlyForDeploymentPostprocessing = 0;
		};
/* End PBXResourcesBuildPhase section */

/* Begin PBXSourcesBuildPhase section */
		1A2DEB98271D412D002151A5 /* Sources */ = {
			isa = PBXSourcesBuildPhase;
			buildActionMask = 2147483647;
			files = (
				1AC4AFF32721D44D00A4B29D /* SettingsView.swift in Sources */,
				1A2DEBB1271D4702002151A5 /* RenderObject.swift in Sources */,
				1A2DEBA2271D412D002151A5 /* ContentView.swift in Sources */,
				1A2DEBA0271D412D002151A5 /* infinitexApp.swift in Sources */,
				1A2DEBAF271D42A4002151A5 /* WebRenderView.swift in Sources */,
			);
			runOnlyForDeploymentPostprocessing = 0;
		};
/* End PBXSourcesBuildPhase section */

/* Begin XCBuildConfiguration section */
		1A2DEBA9271D412E002151A5 /* Debug */ = {
			isa = XCBuildConfiguration;
			buildSettings = {
				ALWAYS_SEARCH_USER_PATHS = NO;
				CLANG_ANALYZER_NONNULL = YES;
				CLANG_ANALYZER_NUMBER_OBJECT_CONVERSION = YES_AGGRESSIVE;
				CLANG_CXX_LANGUAGE_STANDARD = "gnu++17";
				CLANG_CXX_LIBRARY = "libc++";
				CLANG_ENABLE_MODULES = YES;
				CLANG_ENABLE_OBJC_ARC = YES;
				CLANG_ENABLE_OBJC_WEAK = YES;
				CLANG_WARN_BLOCK_CAPTURE_AUTORELEASING = YES;
				CLANG_WARN_BOOL_CONVERSION = YES;
				CLANG_WARN_COMMA = YES;
				CLANG_WARN_CONSTANT_CONVERSION = YES;
				CLANG_WARN_DEPRECATED_OBJC_IMPLEMENTATIONS = YES;
				CLANG_WARN_DIRECT_OBJC_ISA_USAGE = YES_ERROR;
				CLANG_WARN_DOCUMENTATION_COMMENTS = YES;
				CLANG_WARN_EMPTY_BODY = YES;
				CLANG_WARN_ENUM_CONVERSION = YES;
				CLANG_WARN_INFINITE_RECURSION = YES;
				CLANG_WARN_INT_CONVERSION = YES;
				CLANG_WARN_NON_LITERAL_NULL_CONVERSION = YES;
				CLANG_WARN_OBJC_IMPLICIT_RETAIN_SELF = YES;
				CLANG_WARN_OBJC_LITERAL_CONVERSION = YES;
				CLANG_WARN_OBJC_ROOT_CLASS = YES_ERROR;
				CLANG_WARN_QUOTED_INCLUDE_IN_FRAMEWORK_HEADER = YES;
				CLANG_WARN_RANGE_LOOP_ANALYSIS = YES;
				CLANG_WARN_STRICT_PROTOTYPES = YES;
				CLANG_WARN_SUSPICIOUS_MOVE = YES;
				CLANG_WARN_UNGUARDED_AVAILABILITY = YES_AGGRESSIVE;
				CLANG_WARN_UNREACHABLE_CODE = YES;
				CLANG_WARN__DUPLICATE_METHOD_MATCH = YES;
				COPY_PHASE_STRIP = NO;
				DEBUG_INFORMATION_FORMAT = dwarf;
				ENABLE_STRICT_OBJC_MSGSEND = YES;
				ENABLE_TESTABILITY = YES;
				GCC_C_LANGUAGE_STANDARD = gnu11;
				GCC_DYNAMIC_NO_PIC = NO;
				GCC_NO_COMMON_BLOCKS = YES;
				GCC_OPTIMIZATION_LEVEL = 0;
				GCC_PREPROCESSOR_DEFINITIONS = (
					"DEBUG=1",
					"$(inherited)",
				);
				GCC_WARN_64_TO_32_BIT_CONVERSION = YES;
				GCC_WARN_ABOUT_RETURN_TYPE = YES_ERROR;
				GCC_WARN_UNDECLARED_SELECTOR = YES;
				GCC_WARN_UNINITIALIZED_AUTOS = YES_AGGRESSIVE;
				GCC_WARN_UNUSED_FUNCTION = YES;
				GCC_WARN_UNUSED_VARIABLE = YES;
				MACOSX_DEPLOYMENT_TARGET = 11.3;
				MTL_ENABLE_DEBUG_INFO = INCLUDE_SOURCE;
				MTL_FAST_MATH = YES;
				ONLY_ACTIVE_ARCH = YES;
				SDKROOT = macosx;
				SWIFT_ACTIVE_COMPILATION_CONDITIONS = DEBUG;
				SWIFT_OPTIMIZATION_LEVEL = "-Onone";
			};
			name = Debug;
		};
		1A2DEBAA271D412E002151A5 /* Release */ = {
			isa = XCBuildConfiguration;
			buildSettings = {
				ALWAYS_SEARCH_USER_PATHS = NO;
				CLANG_ANALYZER_NONNULL = YES;
				CLANG_ANALYZER_NUMBER_OBJECT_CONVERSION = YES_AGGRESSIVE;
				CLANG_CXX_LANGUAGE_STANDARD = "gnu++17";
				CLANG_CXX_LIBRARY = "libc++";
				CLANG_ENABLE_MODULES = YES;
				CLANG_ENABLE_OBJC_ARC = YES;
				CLANG_ENABLE_OBJC_WEAK = YES;
				CLANG_WARN_BLOCK_CAPTURE_AUTORELEASING = YES;
				CLANG_WARN_BOOL_CONVERSION = YES;
				CLANG_WARN_COMMA = YES;
				CLANG_WARN_CONSTANT_CONVERSION = YES;
				CLANG_WARN_DEPRECATED_OBJC_IMPLEMENTATIONS = YES;
				CLANG_WARN_DIRECT_OBJC_ISA_USAGE = YES_ERROR;
				CLANG_WARN_DOCUMENTATION_COMMENTS = YES;
				CLANG_WARN_EMPTY_BODY = YES;
				CLANG_WARN_ENUM_CONVERSION = YES;
				CLANG_WARN_INFINITE_RECURSION = YES;
				CLANG_WARN_INT_CONVERSION = YES;
				CLANG_WARN_NON_LITERAL_NULL_CONVERSION = YES;
				CLANG_WARN_OBJC_IMPLICIT_RETAIN_SELF = YES;
				CLANG_WARN_OBJC_LITERAL_CONVERSION = YES;
				CLANG_WARN_OBJC_ROOT_CLASS = YES_ERROR;
				CLANG_WARN_QUOTED_INCLUDE_IN_FRAMEWORK_HEADER = YES;
				CLANG_WARN_RANGE_LOOP_ANALYSIS = YES;
				CLANG_WARN_STRICT_PROTOTYPES = YES;
				CLANG_WARN_SUSPICIOUS_MOVE = YES;
				CLANG_WARN_UNGUARDED_AVAILABILITY = YES_AGGRESSIVE;
				CLANG_WARN_UNREACHABLE_CODE = YES;
				CLANG_WARN__DUPLICATE_METHOD_MATCH = YES;
				COPY_PHASE_STRIP = NO;
				DEBUG_INFORMATION_FORMAT = "dwarf-with-dsym";
				ENABLE_NS_ASSERTIONS = NO;
				ENABLE_STRICT_OBJC_MSGSEND = YES;
				GCC_C_LANGUAGE_STANDARD = gnu11;
				GCC_NO_COMMON_BLOCKS = YES;
				GCC_WARN_64_TO_32_BIT_CONVERSION = YES;
				GCC_WARN_ABOUT_RETURN_TYPE = YES_ERROR;
				GCC_WARN_UNDECLARED_SELECTOR = YES;
				GCC_WARN_UNINITIALIZED_AUTOS = YES_AGGRESSIVE;
				GCC_WARN_UNUSED_FUNCTION = YES;
				GCC_WARN_UNUSED_VARIABLE = YES;
				MACOSX_DEPLOYMENT_TARGET = 11.3;
				MTL_ENABLE_DEBUG_INFO = NO;
				MTL_FAST_MATH = YES;
				SDKROOT = macosx;
				SWIFT_COMPILATION_MODE = wholemodule;
				SWIFT_OPTIMIZATION_LEVEL = "-O";
			};
			name = Release;
		};
		1A2DEBAC271D412E002151A5 /* Debug */ = {
			isa = XCBuildConfiguration;
			buildSettings = {
				ASSETCATALOG_COMPILER_APPICON_NAME = AppIcon;
				ASSETCATALOG_COMPILER_GLOBAL_ACCENT_COLOR_NAME = AccentColor;
				CODE_SIGN_ENTITLEMENTS = infinitex/infinitex.entitlements;
				CODE_SIGN_STYLE = Automatic;
				COMBINE_HIDPI_IMAGES = YES;
				CURRENT_PROJECT_VERSION = 1;
				DEVELOPMENT_ASSET_PATHS = "\"infinitex/Preview Content\"";
				DEVELOPMENT_TEAM = 2C8TB644SU;
				ENABLE_HARDENED_RUNTIME = YES;
				ENABLE_PREVIEWS = YES;
				GENERATE_INFOPLIST_FILE = YES;
				INFOPLIST_KEY_NSHumanReadableCopyright = "";
				LD_RUNPATH_SEARCH_PATHS = (
					"$(inherited)",
					"@executable_path/../Frameworks",
				);
				MACOSX_DEPLOYMENT_TARGET = 11.0;
				MARKETING_VERSION = 1.0;
				PRODUCT_BUNDLE_IDENTIFIER = com.flare.infinitex;
				PRODUCT_NAME = "$(TARGET_NAME)";
				SWIFT_EMIT_LOC_STRINGS = YES;
				SWIFT_VERSION = 5.0;
			};
			name = Debug;
		};
		1A2DEBAD271D412E002151A5 /* Release */ = {
			isa = XCBuildConfiguration;
			buildSettings = {
				ASSETCATALOG_COMPILER_APPICON_NAME = AppIcon;
				ASSETCATALOG_COMPILER_GLOBAL_ACCENT_COLOR_NAME = AccentColor;
				CODE_SIGN_ENTITLEMENTS = infinitex/infinitex.entitlements;
				CODE_SIGN_STYLE = Automatic;
				COMBINE_HIDPI_IMAGES = YES;
				CURRENT_PROJECT_VERSION = 1;
				DEVELOPMENT_ASSET_PATHS = "\"infinitex/Preview Content\"";
				DEVELOPMENT_TEAM = 2C8TB644SU;
				ENABLE_HARDENED_RUNTIME = YES;
				ENABLE_PREVIEWS = YES;
				GENERATE_INFOPLIST_FILE = YES;
				INFOPLIST_KEY_NSHumanReadableCopyright = "";
				LD_RUNPATH_SEARCH_PATHS = (
					"$(inherited)",
					"@executable_path/../Frameworks",
				);
				MACOSX_DEPLOYMENT_TARGET = 11.0;
				MARKETING_VERSION = 1.0;
				PRODUCT_BUNDLE_IDENTIFIER = com.flare.infinitex;
				PRODUCT_NAME = "$(TARGET_NAME)";
				SWIFT_EMIT_LOC_STRINGS = YES;
				SWIFT_VERSION = 5.0;
			};
			name = Release;
		};
/* End XCBuildConfiguration section */

/* Begin XCConfigurationList section */
		1A2DEB97271D412D002151A5 /* Build configuration list for PBXProject "infinitex" */ = {
			isa = XCConfigurationList;
			buildConfigurations = (
				1A2DEBA9271D412E002151A5 /* Debug */,
				1A2DEBAA271D412E002151A5 /* Release */,
			);
			defaultConfigurationIsVisible = 0;
			defaultConfigurationName = Release;
		};
		1A2DEBAB271D412E002151A5 /* Build configuration list for PBXNativeTarget "infinitex" */ = {
			isa = XCConfigurationList;
			buildConfigurations = (
				1A2DEBAC271D412E002151A5 /* Debug */,
				1A2DEBAD271D412E002151A5 /* Release */,
			);
			defaultConfigurationIsVisible = 0;
			defaultConfigurationName = Release;
		};
/* End XCConfigurationList section */
	};
	rootObject = 1A2DEB94271D412D002151A5 /* Project object */;
}
